{
    "name": "hello-world-server",
    "requires": true,
    "lockfileVersion": 1,
    "dependencies": {
        "accepts": {
            "version": "1.3.7",
            "resolved": "https://artifactory.amfam.com/artifactory/api/npm/npm-local/accepts/-/accepts-1.3.7.tgz",
            "integrity": "sha1-UxvHJlF6OytB+FACHGzBXqq1B80=",
            "requires": {
                "mime-types": "~2.1.24",
                "negotiator": "0.6.2"
            }
        },
        "apollo-cache-control": {
            "version": "0.1.1",
            "resolved": "https://artifactory.amfam.com/artifactory/api/npm/npm-local/apollo-cache-control/-/apollo-cache-control-0.1.1.tgz",
            "integrity": "sha1-Fz0UzrPrnny1Pefri2G+5hWdQXE=",
            "requires": {
                "graphql-extensions": "^0.0.x"
            }
        },
        "apollo-link": {
            "version": "1.2.11",
            "resolved": "https://artifactory.amfam.com/artifactory/api/npm/npm-local/apollo-link/-/apollo-link-1.2.11.tgz",
            "integrity": "sha1-STKTt0etMjcRTM0i6fVZ5eJKGU0=",
            "requires": {
                "apollo-utilities": "^1.2.1",
                "ts-invariant": "^0.3.2",
                "tslib": "^1.9.3",
                "zen-observable-ts": "^0.8.18"
            }
        },
        "apollo-server-core": {
            "version": "1.4.0",
            "resolved": "https://artifactory.amfam.com/artifactory/api/npm/npm-local/apollo-server-core/-/apollo-server-core-1.4.0.tgz",
            "integrity": "sha1-T6/38RC/3Ww/RwCDAq4kFA+UxZI=",
            "requires": {
                "apollo-cache-control": "^0.1.0",
                "apollo-tracing": "^0.1.0",
                "graphql-extensions": "^0.0.x"
            }
        },
        "apollo-server-express": {
            "version": "1.4.0",
            "resolved": "https://artifactory.amfam.com/artifactory/api/npm/npm-local/apollo-server-express/-/apollo-server-express-1.4.0.tgz",
            "integrity": "sha1-fXxY1tb5iSuD/ldWaQk7tmc4sSU=",
            "requires": {
                "apollo-server-core": "^1.4.0",
                "apollo-server-module-graphiql": "^1.4.0"
            }
        },
        "apollo-server-module-graphiql": {
            "version": "1.4.0",
            "resolved": "https://artifactory.amfam.com/artifactory/api/npm/npm-local/apollo-server-module-graphiql/-/apollo-server-module-graphiql-1.4.0.tgz",
            "integrity": "sha1-xVnvooVXiCBwnxdpu4XTs+7T2Ow="
        },
        "apollo-tracing": {
            "version": "0.1.4",
            "resolved": "https://artifactory.amfam.com/artifactory/api/npm/npm-local/apollo-tracing/-/apollo-tracing-0.1.4.tgz",
            "integrity": "sha1-W4rhsBUmsWDublUqfxMZI6mu3Mc=",
            "requires": {
                "graphql-extensions": "~0.0.9"
            }
        },
        "apollo-utilities": {
            "version": "1.3.0",
            "resolved": "https://artifactory.amfam.com/artifactory/api/npm/npm-local/apollo-utilities/-/apollo-utilities-1.3.0.tgz",
            "integrity": "sha1-mANyTAeslMoR3CY5fttYc10rAhE=",
            "requires": {
                "fast-json-stable-stringify": "^2.0.0",
                "ts-invariant": "^0.4.0",
                "tslib": "^1.9.3"
            },
            "dependencies": {
                "ts-invariant": {
                    "version": "0.4.2",
                    "resolved": "https://artifactory.amfam.com/artifactory/api/npm/npm-local/ts-invariant/-/ts-invariant-0.4.2.tgz",
                    "integrity": "sha1-hoUTG4CD5nxm1gJUDnh2NAi+kRM=",
                    "requires": {
                        "tslib": "^1.9.3"
                    }
                }
            }
        },
        "array-flatten": {
            "version": "1.1.1",
            "resolved": "https://artifactory.amfam.com/artifactory/api/npm/npm-local/array-flatten/-/array-flatten-1.1.1.tgz",
            "integrity": "sha1-ml9pkFGx5wczKPKgCJaLZOopVdI="
        },
        "body-parser": {
            "version": "1.19.0",
            "resolved": "https://artifactory.amfam.com/artifactory/api/npm/npm-local/body-parser/-/body-parser-1.19.0.tgz",
            "integrity": "sha1-lrJwnlfJxOCab9Zqj9l5hE9p8Io=",
            "requires": {
                "bytes": "3.1.0",
                "content-type": "~1.0.4",
                "debug": "2.6.9",
                "depd": "~1.1.2",
                "http-errors": "1.7.2",
                "iconv-lite": "0.4.24",
                "on-finished": "~2.3.0",
                "qs": "6.7.0",
                "raw-body": "2.4.0",
                "type-is": "~1.6.17"
            }
        },
        "buffer-from": {
            "version": "1.1.1",
            "resolved": "https://artifactory.amfam.com/artifactory/api/npm/npm-local/buffer-from/-/buffer-from-1.1.1.tgz",
            "integrity": "sha1-MnE7wCj3XAL9txDXx7zsHyxgcO8="
        },
        "bytes": {
            "version": "3.1.0",
            "resolved": "https://artifactory.amfam.com/artifactory/api/npm/npm-local/bytes/-/bytes-3.1.0.tgz",
            "integrity": "sha1-9s95M6Ng4FiPqf3oVlHNx/gF0fY="
        },
        "content-disposition": {
            "version": "0.5.3",
            "resolved": "https://artifactory.amfam.com/artifactory/api/npm/npm-local/content-disposition/-/content-disposition-0.5.3.tgz",
            "integrity": "sha1-4TDK9+cnkIfFYWwgB9BIVpiYT70=",
            "requires": {
                "safe-buffer": "5.1.2"
            }
        },
        "content-type": {
            "version": "1.0.4",
            "resolved": "https://artifactory.amfam.com/artifactory/api/npm/npm-local/content-type/-/content-type-1.0.4.tgz",
            "integrity": "sha1-4TjMdeBAxyexlm/l5fjJruJW/js="
        },
        "cookie": {
            "version": "0.4.0",
            "resolved": "https://artifactory.amfam.com/artifactory/api/npm/npm-local/cookie/-/cookie-0.4.0.tgz",
            "integrity": "sha1-vrQ35wIrO21JAZ0IhmUwPr6cFLo="
        },
        "cookie-signature": {
            "version": "1.0.6",
            "resolved": "https://artifactory.amfam.com/artifactory/api/npm/npm-local/cookie-signature/-/cookie-signature-1.0.6.tgz",
            "integrity": "sha1-4wOogrNCzD7oylE6eZmXNNqzriw="
        },
        "core-js": {
            "version": "2.6.8",
            "resolved": "https://artifactory.amfam.com/artifactory/api/npm/npm-local/core-js/-/core-js-2.6.8.tgz",
            "integrity": "sha1-3DoeYzoEJnlE4MuFDTiA80AkgTk="
        },
        "cors": {
            "version": "2.8.5",
            "resolved": "https://artifactory.amfam.com/artifactory/api/npm/npm-local/cors/-/cors-2.8.5.tgz",
            "integrity": "sha1-6sEdpRWS3Ya58G9uesKTs9+HXSk=",
            "requires": {
                "object-assign": "^4",
                "vary": "^1"
            }
        },
        "debug": {
            "version": "2.6.9",
            "resolved": "https://artifactory.amfam.com/artifactory/api/npm/npm-local/debug/-/debug-2.6.9.tgz",
            "integrity": "sha1-XRKFFd8TT/Mn6QpMk/Tgd6U2NB8=",
            "requires": {
                "ms": "2.0.0"
            }
        },
        "depd": {
            "version": "1.1.2",
            "resolved": "https://artifactory.amfam.com/artifactory/api/npm/npm-local/depd/-/depd-1.1.2.tgz",
            "integrity": "sha1-m81S4UwJd2PnSbJ0xDRu0uVgtak="
        },
        "deprecated-decorator": {
            "version": "0.1.6",
            "resolved": "https://artifactory.amfam.com/artifactory/api/npm/npm-local/deprecated-decorator/-/deprecated-decorator-0.1.6.tgz",
            "integrity": "sha1-AJZjF7ehL+kvPMgx91g68ym4bDc="
        },
        "destroy": {
            "version": "1.0.4",
            "resolved": "https://artifactory.amfam.com/artifactory/api/npm/npm-local/destroy/-/destroy-1.0.4.tgz",
            "integrity": "sha1-l4hXRCxEdJ5CBmE+N5RiBYJqvYA="
        },
        "ee-first": {
            "version": "1.1.1",
            "resolved": "https://artifactory.amfam.com/artifactory/api/npm/npm-local/ee-first/-/ee-first-1.1.1.tgz",
            "integrity": "sha1-WQxhFWsK4vTwJVcyoViyZrxWsh0="
        },
        "encodeurl": {
            "version": "1.0.2",
            "resolved": "https://artifactory.amfam.com/artifactory/api/npm/npm-local/encodeurl/-/encodeurl-1.0.2.tgz",
            "integrity": "sha1-rT/0yG7C0CkyL1oCw6mmBslbP1k="
        },
        "escape-html": {
            "version": "1.0.3",
            "resolved": "https://artifactory.amfam.com/artifactory/api/npm/npm-local/escape-html/-/escape-html-1.0.3.tgz",
            "integrity": "sha1-Aljq5NPQwJdN4cFpGI7wBR0dGYg="
        },
        "etag": {
            "version": "1.8.1",
            "resolved": "https://artifactory.amfam.com/artifactory/api/npm/npm-local/etag/-/etag-1.8.1.tgz",
            "integrity": "sha1-Qa4u62XvpiJorr/qg6x9eSmbCIc="
        },
        "express": {
            "version": "4.17.0",
            "resolved": "https://artifactory.amfam.com/artifactory/api/npm/npm-local/express/-/express-4.17.0.tgz",
            "integrity": "sha1-KIr2IiinP0yOopkLo7eRu4fNRDg=",
            "requires": {
                "accepts": "~1.3.7",
                "array-flatten": "1.1.1",
                "body-parser": "1.19.0",
                "content-disposition": "0.5.3",
                "content-type": "~1.0.4",
                "cookie": "0.4.0",
                "cookie-signature": "1.0.6",
                "debug": "2.6.9",
                "depd": "~1.1.2",
                "encodeurl": "~1.0.2",
                "escape-html": "~1.0.3",
                "etag": "~1.8.1",
                "finalhandler": "~1.1.2",
                "fresh": "0.5.2",
                "merge-descriptors": "1.0.1",
                "methods": "~1.1.2",
                "on-finished": "~2.3.0",
                "parseurl": "~1.3.3",
                "path-to-regexp": "0.1.7",
                "proxy-addr": "~2.0.5",
                "qs": "6.7.0",
                "range-parser": "~1.2.1",
                "safe-buffer": "5.1.2",
                "send": "0.17.1",
                "serve-static": "1.14.1",
                "setprototypeof": "1.1.1",
                "statuses": "~1.5.0",
                "type-is": "~1.6.18",
                "utils-merge": "1.0.1",
                "vary": "~1.1.2"
            }
        },
        "fast-json-stable-stringify": {
            "version": "2.0.0",
            "resolved": "https://artifactory.amfam.com/artifactory/api/npm/npm-local/fast-json-stable-stringify/-/fast-json-stable-stringify-2.0.0.tgz",
            "integrity": "sha1-1RQsDK7msRifh9OnYREGT4bIu/I="
        },
        "finalhandler": {
            "version": "1.1.2",
            "resolved": "https://artifactory.amfam.com/artifactory/api/npm/npm-local/finalhandler/-/finalhandler-1.1.2.tgz",
            "integrity": "sha1-t+fQAP/RGTjQ/bBTUG9uur6fWH0=",
            "requires": {
                "debug": "2.6.9",
                "encodeurl": "~1.0.2",
                "escape-html": "~1.0.3",
                "on-finished": "~2.3.0",
                "parseurl": "~1.3.3",
                "statuses": "~1.5.0",
                "unpipe": "~1.0.0"
            }
        },
        "forwarded": {
            "version": "0.1.2",
            "resolved": "https://artifactory.amfam.com/artifactory/api/npm/npm-local/forwarded/-/forwarded-0.1.2.tgz",
            "integrity": "sha1-mMI9qxF1ZXuMBXPozszZGw/xjIQ="
        },
        "fresh": {
            "version": "0.5.2",
            "resolved": "https://artifactory.amfam.com/artifactory/api/npm/npm-local/fresh/-/fresh-0.5.2.tgz",
            "integrity": "sha1-PYyt2Q2XZWn6g1qx+OSyOhBWBac="
        },
        "graphql": {
            "version": "14.3.1",
            "resolved": "https://artifactory.amfam.com/artifactory/api/npm/npm-local/graphql/-/graphql-14.3.1.tgz",
            "integrity": "sha1-s6pQ5hqEGto8H5zNoQHEg/joyAc=",
            "requires": {
                "iterall": "^1.2.2"
            }
        },
        "graphql-extensions": {
            "version": "0.0.10",
            "resolved": "https://artifactory.amfam.com/artifactory/api/npm/npm-local/graphql-extensions/-/graphql-extensions-0.0.10.tgz",
            "integrity": "sha1-NL2yVG1D9qW8iasjwpXsBGbGhD0=",
            "requires": {
                "core-js": "^2.5.3",
                "source-map-support": "^0.5.1"
            }
        },
        "graphql-tools": {
            "version": "4.0.4",
            "resolved": "https://artifactory.amfam.com/artifactory/api/npm/npm-local/graphql-tools/-/graphql-tools-4.0.4.tgz",
            "integrity": "sha1-ygimNFQiH93oJf5F+9MV6yptVms=",
            "requires": {
                "apollo-link": "^1.2.3",
                "apollo-utilities": "^1.0.1",
                "deprecated-decorator": "^0.1.6",
                "iterall": "^1.1.3",
                "uuid": "^3.1.0"
            }
        },
        "http-errors": {
            "version": "1.7.2",
            "resolved": "https://artifactory.amfam.com/artifactory/api/npm/npm-local/http-errors/-/http-errors-1.7.2.tgz",
            "integrity": "sha1-T1ApzxMjnzEDblsuVSkrz7zIXI8=",
            "requires": {
                "depd": "~1.1.2",
                "inherits": "2.0.3",
                "setprototypeof": "1.1.1",
                "statuses": ">= 1.5.0 < 2",
                "toidentifier": "1.0.0"
            }
        },
        "iconv-lite": {
            "version": "0.4.24",
            "resolved": "https://artifactory.amfam.com/artifactory/api/npm/npm-local/iconv-lite/-/iconv-lite-0.4.24.tgz",
            "integrity": "sha1-ICK0sl+93CHS9SSXSkdKr+czkIs=",
            "requires": {
                "safer-buffer": ">= 2.1.2 < 3"
            }
        },
        "inherits": {
            "version": "2.0.3",
            "resolved": "https://artifactory.amfam.com/artifactory/api/npm/npm-local/inherits/-/inherits-2.0.3.tgz",
            "integrity": "sha1-Yzwsg+PaQqUC9SRmAiSA9CCCYd4="
        },
        "ipaddr.js": {
            "version": "1.9.0",
            "resolved": "https://artifactory.amfam.com/artifactory/api/npm/npm-local/ipaddr.js/-/ipaddr.js-1.9.0.tgz",
            "integrity": "sha1-N9905DCg5HVQ/lSi3v4w2KzZX2U="
        },
        "iterall": {
            "version": "1.2.2",
            "resolved": "https://artifactory.amfam.com/artifactory/api/npm/npm-local/iterall/-/iterall-1.2.2.tgz",
            "integrity": "sha1-ktcN64Ao4MOf8xZP2/TYsIgTDNc="
        },
        "media-typer": {
            "version": "0.3.0",
            "resolved": "https://artifactory.amfam.com/artifactory/api/npm/npm-local/media-typer/-/media-typer-0.3.0.tgz",
            "integrity": "sha1-hxDXrwqmJvj/+hzgAWhUUmMlV0g="
        },
        "merge-descriptors": {
            "version": "1.0.1",
            "resolved": "https://artifactory.amfam.com/artifactory/api/npm/npm-local/merge-descriptors/-/merge-descriptors-1.0.1.tgz",
            "integrity": "sha1-sAqqVW3YtEVoFQ7J0blT8/kMu2E="
        },
        "methods": {
            "version": "1.1.2",
            "resolved": "https://artifactory.amfam.com/artifactory/api/npm/npm-local/methods/-/methods-1.1.2.tgz",
            "integrity": "sha1-VSmk1nZUE07cxSZmVoNbD4Ua/O4="
        },
        "mime": {
            "version": "1.6.0",
            "resolved": "https://artifactory.amfam.com/artifactory/api/npm/npm-local/mime/-/mime-1.6.0.tgz",
            "integrity": "sha1-Ms2eXGRVO9WNGaVor0Uqz/BJgbE="
        },
        "mime-db": {
            "version": "1.40.0",
            "resolved": "https://artifactory.amfam.com/artifactory/api/npm/npm-local/mime-db/-/mime-db-1.40.0.tgz",
            "integrity": "sha1-plBX6ZjbCQ9zKmj2wnbTh9QSbDI="
        },
        "mime-types": {
            "version": "2.1.24",
            "resolved": "https://artifactory.amfam.com/artifactory/api/npm/npm-local/mime-types/-/mime-types-2.1.24.tgz",
            "integrity": "sha1-tvjQs+lR77d97eyhlM/20W9nb4E=",
            "requires": {
                "mime-db": "1.40.0"
            }
        },
        "ms": {
            "version": "2.0.0",
            "resolved": "https://artifactory.amfam.com/artifactory/api/npm/npm-local/ms/-/ms-2.0.0.tgz",
            "integrity": "sha1-VgiurfwAvmwpAd9fmGF4jeDVl8g="
        },
        "negotiator": {
            "version": "0.6.2",
            "resolved": "https://artifactory.amfam.com/artifactory/api/npm/npm-local/negotiator/-/negotiator-0.6.2.tgz",
            "integrity": "sha1-/qz3zPUlp3rpY0Q2pkiD/+yjRvs="
        },
        "object-assign": {
            "version": "4.1.1",
            "resolved": "https://artifactory.amfam.com/artifactory/api/npm/npm-local/object-assign/-/object-assign-4.1.1.tgz",
            "integrity": "sha1-IQmtx5ZYh8/AXLvUQsrIv7s2CGM="
        },
        "on-finished": {
            "version": "2.3.0",
            "resolved": "https://artifactory.amfam.com/artifactory/api/npm/npm-local/on-finished/-/on-finished-2.3.0.tgz",
            "integrity": "sha1-IPEzZIGwg811M3mSoWlxqi2QaUc=",
            "requires": {
                "ee-first": "1.1.1"
            }
        },
        "parseurl": {
            "version": "1.3.3",
            "resolved": "https://artifactory.amfam.com/artifactory/api/npm/npm-local/parseurl/-/parseurl-1.3.3.tgz",
            "integrity": "sha1-naGee+6NEt/wUT7Vt2lXeTvC6NQ="
        },
        "path-to-regexp": {
            "version": "0.1.7",
            "resolved": "https://artifactory.amfam.com/artifactory/api/npm/npm-local/path-to-regexp/-/path-to-regexp-0.1.7.tgz",
            "integrity": "sha1-32BBeABfUi8V60SQ5yR6G/qmf4w="
        },
        "proxy-addr": {
            "version": "2.0.5",
            "resolved": "https://artifactory.amfam.com/artifactory/api/npm/npm-local/proxy-addr/-/proxy-addr-2.0.5.tgz",
            "integrity": "sha1-NMvWSi2B9LH9IedvnwbIpFKZ7jQ=",
            "requires": {
                "forwarded": "~0.1.2",
                "ipaddr.js": "1.9.0"
            }
        },
        "qs": {
            "version": "6.7.0",
            "resolved": "https://artifactory.amfam.com/artifactory/api/npm/npm-local/qs/-/qs-6.7.0.tgz",
            "integrity": "sha1-QdwaAV49WB8WIXdr4xr7KHapsbw="
        },
        "range-parser": {
            "version": "1.2.1",
            "resolved": "https://artifactory.amfam.com/artifactory/api/npm/npm-local/range-parser/-/range-parser-1.2.1.tgz",
            "integrity": "sha1-PPNwI9GZ4cJNGlW4SADC8+ZGgDE="
        },
        "raw-body": {
            "version": "2.4.0",
            "resolved": "https://artifactory.amfam.com/artifactory/api/npm/npm-local/raw-body/-/raw-body-2.4.0.tgz",
            "integrity": "sha1-oc5vucm8NWylLoklarWQWeE9AzI=",
            "requires": {
                "bytes": "3.1.0",
                "http-errors": "1.7.2",
                "iconv-lite": "0.4.24",
                "unpipe": "1.0.0"
            }
        },
        "safe-buffer": {
            "version": "5.1.2",
            "resolved": "https://artifactory.amfam.com/artifactory/api/npm/npm-local/safe-buffer/-/safe-buffer-5.1.2.tgz",
            "integrity": "sha1-mR7GnSluAxN0fVm9/St0XDX4go0="
        },
        "safer-buffer": {
            "version": "2.1.2",
            "resolved": "https://artifactory.amfam.com/artifactory/api/npm/npm-local/safer-buffer/-/safer-buffer-2.1.2.tgz",
            "integrity": "sha1-RPoWGwGHuVSd2Eu5GAL5vYOFzWo="
        },
        "send": {
            "version": "0.17.1",
            "resolved": "https://artifactory.amfam.com/artifactory/api/npm/npm-local/send/-/send-0.17.1.tgz",
            "integrity": "sha1-wdiwWfeQD3Rm3Uk4vcROEd2zdsg=",
            "requires": {
                "debug": "2.6.9",
                "depd": "~1.1.2",
                "destroy": "~1.0.4",
                "encodeurl": "~1.0.2",
                "escape-html": "~1.0.3",
                "etag": "~1.8.1",
                "fresh": "0.5.2",
                "http-errors": "~1.7.2",
                "mime": "1.6.0",
                "ms": "2.1.1",
                "on-finished": "~2.3.0",
                "range-parser": "~1.2.1",
                "statuses": "~1.5.0"
            },
            "dependencies": {
                "ms": {
                    "version": "2.1.1",
                    "resolved": "https://artifactory.amfam.com/artifactory/api/npm/npm-local/ms/-/ms-2.1.1.tgz",
                    "integrity": "sha1-MKWGTrPrsKZvLr5tcnrwagnYbgo="
                }
            }
        },
        "serve-static": {
            "version": "1.14.1",
            "resolved": "https://artifactory.amfam.com/artifactory/api/npm/npm-local/serve-static/-/serve-static-1.14.1.tgz",
            "integrity": "sha1-Zm5jbcTwEPfvKZcKiKZ0MgiYsvk=",
            "requires": {
                "encodeurl": "~1.0.2",
                "escape-html": "~1.0.3",
                "parseurl": "~1.3.3",
                "send": "0.17.1"
            }
        },
        "setprototypeof": {
            "version": "1.1.1",
            "resolved": "https://artifactory.amfam.com/artifactory/api/npm/npm-local/setprototypeof/-/setprototypeof-1.1.1.tgz",
            "integrity": "sha1-fpWsskqpL1iF4KvvW6ExMw1K5oM="
        },
        "source-map": {
            "version": "0.6.1",
            "resolved": "https://artifactory.amfam.com/artifactory/api/npm/npm-local/source-map/-/source-map-0.6.1.tgz",
            "integrity": "sha1-dHIq8y6WFOnCh6jQu95IteLxomM="
        },
        "source-map-support": {
            "version": "0.5.12",
            "resolved": "https://artifactory.amfam.com/artifactory/api/npm/npm-local/source-map-support/-/source-map-support-0.5.12.tgz",
            "integrity": "sha1-tPOxDVGFelrwE4086AA7IBYT1Zk=",
            "requires": {
                "buffer-from": "^1.0.0",
                "source-map": "^0.6.0"
            }
        },
        "statuses": {
            "version": "1.5.0",
            "resolved": "https://artifactory.amfam.com/artifactory/api/npm/npm-local/statuses/-/statuses-1.5.0.tgz",
            "integrity": "sha1-Fhx9rBd2Wf2YEfQ3cfqZOBR4Yow="
        },
        "toidentifier": {
            "version": "1.0.0",
            "resolved": "https://artifactory.amfam.com/artifactory/api/npm/npm-local/toidentifier/-/toidentifier-1.0.0.tgz",
            "integrity": "sha1-fhvjRw8ed5SLxD2Uo8j013UrpVM="
        },
        "ts-invariant": {
            "version": "0.3.3",
            "resolved": "https://artifactory.amfam.com/artifactory/api/npm/npm-local/ts-invariant/-/ts-invariant-0.3.3.tgz",
            "integrity": "sha1-tXQrGIXs+eKcMadQMHSA8EXsCxY=",
            "requires": {
                "tslib": "^1.9.3"
            }
        },
        "tslib": {
            "version": "1.9.3",
            "resolved": "https://artifactory.amfam.com/artifactory/api/npm/npm-local/tslib/-/tslib-1.9.3.tgz",
            "integrity": "sha1-1+TdeSRdhUKMTX5IIqeZF5VMooY="
        },
        "type-is": {
            "version": "1.6.18",
            "resolved": "https://artifactory.amfam.com/artifactory/api/npm/npm-local/type-is/-/type-is-1.6.18.tgz",
            "integrity": "sha1-TlUs0F3wlGfcvE73Od6J8s83wTE=",
            "requires": {
                "media-typer": "0.3.0",
                "mime-types": "~2.1.24"
            }
        },
        "unpipe": {
            "version": "1.0.0",
            "resolved": "https://artifactory.amfam.com/artifactory/api/npm/npm-local/unpipe/-/unpipe-1.0.0.tgz",
            "integrity": "sha1-sr9O6FFKrmFltIF4KdIbLvSZBOw="
        },
        "utils-merge": {
            "version": "1.0.1",
            "resolved": "https://artifactory.amfam.com/artifactory/api/npm/npm-local/utils-merge/-/utils-merge-1.0.1.tgz",
            "integrity": "sha1-n5VxD1CiZ5R7LMwSR0HBAoQn5xM="
        },
        "uuid": {
            "version": "3.3.2",
            "resolved": "https://artifactory.amfam.com/artifactory/api/npm/npm-local/uuid/-/uuid-3.3.2.tgz",
            "integrity": "sha1-G0r0lV6zB3xQHCOHL8ZROBFYcTE="
        },
        "vary": {
            "version": "1.1.2",
            "resolved": "https://artifactory.amfam.com/artifactory/api/npm/npm-local/vary/-/vary-1.1.2.tgz",
            "integrity": "sha1-IpnwLG3tMNSllhsLn3RSShj2NPw="
        },
        "zen-observable": {
            "version": "0.8.14",
            "resolved": "https://artifactory.amfam.com/artifactory/api/npm/npm-local/zen-observable/-/zen-observable-0.8.14.tgz",
            "integrity": "sha1-0zBYNZ0zW8DbHwr2YVizKHKvO/c="
        },
        "zen-observable-ts": {
            "version": "0.8.18",
            "resolved": "https://artifactory.amfam.com/artifactory/api/npm/npm-local/zen-observable-ts/-/zen-observable-ts-0.8.18.tgz",
            "integrity": "sha1-reRLEGDMSoAGJ4VuwQucZ/X2Ocg=",
            "requires": {
                "tslib": "^1.9.3",
                "zen-observable": "^0.8.0"
            }
        }
    }
}
